
Microsoft Visual Studio Solution File, Format Version 12.00
# Visual Studio Version 17
VisualStudioVersion = 17.11.35327.3
MinimumVisualStudioVersion = 10.0.40219.1
Project("{FAE04EC0-301F-11D3-BF4B-00C04F79EFBC}") = "CoreLib", "CoreLib\CoreLib.csproj", "{9192545E-77C3-48A9-826B-82CB4ABEA369}"
EndProject
Project("{2150E333-8FDC-42A3-9474-1A3956D46DE8}") = "Solution Items", "Solution Items", "{F829565B-7771-42D5-94E5-7FAE2811C4A8}"
	ProjectSection(SolutionItems) = preProject
		.gitignore = .gitignore
		README.md = README.md
	EndProjectSection
EndProject
Project("{FAE04EC0-301F-11D3-BF4B-00C04F79EFBC}") = "ConsoleSample", "ConsoleSample\ConsoleSample.csproj", "{6AAB31BE-6940-40A5-98B0-AB960D00B7D2}"
EndProject
Global
	GlobalSection(SolutionConfigurationPlatforms) = preSolution
		Debug|Any CPU = Debug|Any CPU
		Release|Any CPU = Release|Any CPU
	EndGlobalSection
	GlobalSection(ProjectConfigurationPlatforms) = postSolution
		{9192545E-77C3-48A9-826B-82CB4ABEA369}.Debug|Any CPU.ActiveCfg = Debug|Any CPU
		{9192545E-77C3-48A9-826B-82CB4ABEA369}.Debug|Any CPU.Build.0 = Debug|Any CPU
		{9192545E-77C3-48A9-826B-82CB4ABEA369}.Release|Any CPU.ActiveCfg = Release|Any CPU
		{9192545E-77C3-48A9-826B-82CB4ABEA369}.Release|Any CPU.Build.0 = Release|Any CPU
		{6AAB31BE-6940-40A5-98B0-AB960D00B7D2}.Debug|Any CPU.ActiveCfg = Debug|Any CPU
		{6AAB31BE-6940-40A5-98B0-AB960D00B7D2}.Debug|Any CPU.Build.0 = Debug|Any CPU
		{6AAB31BE-6940-40A5-98B0-AB960D00B7D2}.Release|Any CPU.ActiveCfg = Release|Any CPU
		{6AAB31BE-6940-40A5-98B0-AB960D00B7D2}.Release|Any CPU.Build.0 = Release|Any CPU
	EndGlobalSection
	GlobalSection(SolutionProperties) = preSolution
		HideSolutionNode = FALSE
	EndGlobalSection
	GlobalSection(ExtensibilityGlobals) = postSolution
		SolutionGuid = {C2C8A32D-2C6C-45E7-9B5B-2C08F77DD366}
	EndGlobalSection
EndGlobal
